
Microsoft Visual Studio Solution File, Format Version 12.00
# Visual Studio 14
VisualStudioVersion = 14.0.25420.1
MinimumVisualStudioVersion = 10.0.40219.1
Project("{FAE04EC0-301F-11D3-BF4B-00C04F79EFBC}") = "Sudoku.Model", "Sudoku.Model\Sudoku.Model.csproj", "{8EF4DF0B-94C0-47F7-A07D-7FDFBD3C68EC}"
EndProject
Project("{FAE04EC0-301F-11D3-BF4B-00C04F79EFBC}") = "Sudoku.UI", "Sudoku.UI\Sudoku.UI.csproj", "{3C7A2A34-C2C3-406A-899D-5D6FC5F34711}"
EndProject
Global
	GlobalSection(SolutionConfigurationPlatforms) = preSolution
		Debug|Any CPU = Debug|Any CPU
		Release|Any CPU = Release|Any CPU
	EndGlobalSection
	GlobalSection(ProjectConfigurationPlatforms) = postSolution
		{8EF4DF0B-94C0-47F7-A07D-7FDFBD3C68EC}.Debug|Any CPU.ActiveCfg = Debug|Any CPU
		{8EF4DF0B-94C0-47F7-A07D-7FDFBD3C68EC}.Debug|Any CPU.Build.0 = Debug|Any CPU
		{8EF4DF0B-94C0-47F7-A07D-7FDFBD3C68EC}.Release|Any CPU.ActiveCfg = Release|Any CPU
		{8EF4DF0B-94C0-47F7-A07D-7FDFBD3C68EC}.Release|Any CPU.Build.0 = Release|Any CPU
		{3C7A2A34-C2C3-406A-899D-5D6FC5F34711}.Debug|Any CPU.ActiveCfg = Debug|Any CPU
		{3C7A2A34-C2C3-406A-899D-5D6FC5F34711}.Debug|Any CPU.Build.0 = Debug|Any CPU
		{3C7A2A34-C2C3-406A-899D-5D6FC5F34711}.Release|Any CPU.ActiveCfg = Release|Any CPU
		{3C7A2A34-C2C3-406A-899D-5D6FC5F34711}.Release|Any CPU.Build.0 = Release|Any CPU
	EndGlobalSection
	GlobalSection(SolutionProperties) = preSolution
		HideSolutionNode = FALSE
	EndGlobalSection
EndGlobal
